# This file is autogenerated, do not edit; changes may be undone by the next 'dep ensure'.


[[projects]]
  name = "github.com/spf13/pflag"
  packages = ["."]
  revision = "e57e3eeb33f795204c1ca35f56c44f83227c6e66"
  version = "v1.0.0"

[[projects]]
  name = "github.com/strava/go.strava"
  packages = ["."]
  revision = "f5c7cee1038b80d25e3d262208d295c10ca2ac4b"

[solve-meta]
  analyzer-name = "dep"
  analyzer-version = 1
  inputs-digest = "133990c2a0682eb1433b4b661140b2586360ff1d0eb679458689439a5e2f099a"
  solver-name = "gps-cdcl"
  solver-version = 1
